// !$*UTF8*$!
{
	archiveVersion = 1;
	classes = {
	};
	objectVersion = 46;
	objects = {

/* Begin PBXBuildFile section */
		A147086F15A1C7C8005D8819 /* Storyboard.storyboard in Resources */ = {isa = PBXBuildFile; fileRef = A147086E15A1C7C8005D8819 /* Storyboard.storyboard */; };
		A1588B6015A1CDF8007D255D /* CoreImage.framework in Frameworks */ = {isa = PBXBuildFile; fileRef = A1588B5F15A1CDF8007D255D /* CoreImage.framework */; };
		BBAEE2EE159E6634003C281F /* SampleView.m in Sources */ = {isa = PBXBuildFile; fileRef = BBAEE2ED159E6634003C281F /* SampleView.m */; };
		BBAEE300159E6747003C281F /* CoreMedia.framework in Frameworks */ = {isa = PBXBuildFile; fileRef = BBAEE2FF159E6747003C281F /* CoreMedia.framework */; };
		BBAEE302159E6756003C281F /* CoreVideo.framework in Frameworks */ = {isa = PBXBuildFile; fileRef = BBAEE301159E6756003C281F /* CoreVideo.framework */; };
		BBAEE304159E675F003C281F /* OpenGLES.framework in Frameworks */ = {isa = PBXBuildFile; fileRef = BBAEE303159E675F003C281F /* OpenGLES.framework */; };
		BBAEE306159E6767003C281F /* AVFoundation.framework in Frameworks */ = {isa = PBXBuildFile; fileRef = BBAEE305159E6767003C281F /* AVFoundation.framework */; };
		BBAEE308159E676F003C281F /* QuartzCore.framework in Frameworks */ = {isa = PBXBuildFile; fileRef = BBAEE307159E676F003C281F /* QuartzCore.framework */; };
		BBAEE30B159E6871003C281F /* libGPUImage.a in Frameworks */ = {isa = PBXBuildFile; fileRef = BBAEE2FC159E6730003C281F /* libGPUImage.a */; };
		BBAEE321159E6B23003C281F /* GPUImageViewController.m in Sources */ = {isa = PBXBuildFile; fileRef = BBAEE320159E6B23003C281F /* GPUImageViewController.m */; };
		BBAEE323159E6CD1003C281F /* porsche.jpg in Resources */ = {isa = PBXBuildFile; fileRef = BBAEE322159E6CD1003C281F /* porsche.jpg */; };
		BBC40064159E63E60004316D /* UIKit.framework in Frameworks */ = {isa = PBXBuildFile; fileRef = BBC40063159E63E60004316D /* UIKit.framework */; };
		BBC40066159E63E60004316D /* Foundation.framework in Frameworks */ = {isa = PBXBuildFile; fileRef = BBC40065159E63E60004316D /* Foundation.framework */; };
		BBC40068159E63E60004316D /* CoreGraphics.framework in Frameworks */ = {isa = PBXBuildFile; fileRef = BBC40067159E63E60004316D /* CoreGraphics.framework */; };
		BBC4006E159E63E60004316D /* InfoPlist.strings in Resources */ = {isa = PBXBuildFile; fileRef = BBC4006C159E63E60004316D /* InfoPlist.strings */; };
		BBC40070159E63E60004316D /* main.m in Sources */ = {isa = PBXBuildFile; fileRef = BBC4006F159E63E60004316D /* main.m */; };
		BBC40074159E63E60004316D /* CFMAppDelegate.m in Sources */ = {isa = PBXBuildFile; fileRef = BBC40073159E63E60004316D /* CFMAppDelegate.m */; };
		BBC4007C159E63E70004316D /* SenTestingKit.framework in Frameworks */ = {isa = PBXBuildFile; fileRef = BBC4007B159E63E70004316D /* SenTestingKit.framework */; };
		BBC4007D159E63E70004316D /* UIKit.framework in Frameworks */ = {isa = PBXBuildFile; fileRef = BBC40063159E63E60004316D /* UIKit.framework */; };
		BBC4007E159E63E70004316D /* Foundation.framework in Frameworks */ = {isa = PBXBuildFile; fileRef = BBC40065159E63E60004316D /* Foundation.framework */; };
		BBC40086159E63E70004316D /* InfoPlist.strings in Resources */ = {isa = PBXBuildFile; fileRef = BBC40084159E63E70004316D /* InfoPlist.strings */; };
		BBC40089159E63E70004316D /* GPU_Image_TestTests.m in Sources */ = {isa = PBXBuildFile; fileRef = BBC40088159E63E70004316D /* GPU_Image_TestTests.m */; };
/* End PBXBuildFile section */

/* Begin PBXContainerItemProxy section */
		A147086915A1C54F005D8819 /* PBXContainerItemProxy */ = {
			isa = PBXContainerItemProxy;
			containerPortal = A147086015A1C54F005D8819 /* GPUImage.xcodeproj */;
			proxyType = 2;
			remoteGlobalIDString = BCF1A33414DDB1EC00852800;
			remoteInfo = GPUImage;
		};
		A147086B15A1C54F005D8819 /* PBXContainerItemProxy */ = {
			isa = PBXContainerItemProxy;
			containerPortal = A147086015A1C54F005D8819 /* GPUImage.xcodeproj */;
			proxyType = 2;
			remoteGlobalIDString = BCF1A34414DDB1EC00852800;
			remoteInfo = GPUImageTests;
		};
		BBAEE2FB159E6730003C281F /* PBXContainerItemProxy */ = {
			isa = PBXContainerItemProxy;
			containerPortal = BBAEE2F2159E6730003C281F /* GPUImage.xcodeproj */;
			proxyType = 2;
			remoteGlobalIDString = BCF1A33414DDB1EC00852800;
			remoteInfo = GPUImage;
		};
		BBAEE2FD159E6730003C281F /* PBXContainerItemProxy */ = {
			isa = PBXContainerItemProxy;
			containerPortal = BBAEE2F2159E6730003C281F /* GPUImage.xcodeproj */;
			proxyType = 2;
			remoteGlobalIDString = BCF1A34414DDB1EC00852800;
			remoteInfo = GPUImageTests;
		};
		BBAEE309159E6858003C281F /* PBXContainerItemProxy */ = {
			isa = PBXContainerItemProxy;
			containerPortal = BBAEE2F2159E6730003C281F /* GPUImage.xcodeproj */;
			proxyType = 1;
			remoteGlobalIDString = BCF1A33314DDB1EC00852800;
			remoteInfo = GPUImage;
		};
		BBC4007F159E63E70004316D /* PBXContainerItemProxy */ = {
			isa = PBXContainerItemProxy;
			containerPortal = BBC40056159E63E60004316D /* Project object */;
			proxyType = 1;
			remoteGlobalIDString = BBC4005E159E63E60004316D;
			remoteInfo = GPU_Image_Test;
		};
/* End PBXContainerItemProxy section */

/* Begin PBXFileReference section */
		A147086015A1C54F005D8819 /* GPUImage.xcodeproj */ = {isa = PBXFileReference; lastKnownFileType = "wrapper.pb-project"; name = GPUImage.xcodeproj; path = "../BradLarson-GPUImage-7fd9996/framework/GPUImage.xcodeproj"; sourceTree = "<group>"; };
		A147086E15A1C7C8005D8819 /* Storyboard.storyboard */ = {isa = PBXFileReference; fileEncoding = 4; lastKnownFileType = file.storyboard; path = Storyboard.storyboard; sourceTree = "<group>"; };
		A1588B5F15A1CDF8007D255D /* CoreImage.framework */ = {isa = PBXFileReference; lastKnownFileType = wrapper.framework; name = CoreImage.framework; path = System/Library/Frameworks/CoreImage.framework; sourceTree = SDKROOT; };
		BBAEE2EC159E6634003C281F /* SampleView.h */ = {isa = PBXFileReference; fileEncoding = 4; lastKnownFileType = sourcecode.c.h; path = SampleView.h; sourceTree = "<group>"; };
		BBAEE2ED159E6634003C281F /* SampleView.m */ = {isa = PBXFileReference; fileEncoding = 4; lastKnownFileType = sourcecode.c.objc; path = SampleView.m; sourceTree = "<group>"; };
		BBAEE2F2159E6730003C281F /* GPUImage.xcodeproj */ = {isa = PBXFileReference; lastKnownFileType = "wrapper.pb-project"; name = GPUImage.xcodeproj; path = "../../Downloads/BradLarson-GPUImage-7fd9996/framework/GPUImage.xcodeproj"; sourceTree = "<group>"; };
		BBAEE2FF159E6747003C281F /* CoreMedia.framework */ = {isa = PBXFileReference; lastKnownFileType = wrapper.framework; name = CoreMedia.framework; path = System/Library/Frameworks/CoreMedia.framework; sourceTree = SDKROOT; };
		BBAEE301159E6756003C281F /* CoreVideo.framework */ = {isa = PBXFileReference; lastKnownFileType = wrapper.framework; name = CoreVideo.framework; path = System/Library/Frameworks/CoreVideo.framework; sourceTree = SDKROOT; };
		BBAEE303159E675F003C281F /* OpenGLES.framework */ = {isa = PBXFileReference; lastKnownFileType = wrapper.framework; name = OpenGLES.framework; path = System/Library/Frameworks/OpenGLES.framework; sourceTree = SDKROOT; };
		BBAEE305159E6767003C281F /* AVFoundation.framework */ = {isa = PBXFileReference; lastKnownFileType = wrapper.framework; name = AVFoundation.framework; path = System/Library/Frameworks/AVFoundation.framework; sourceTree = SDKROOT; };
		BBAEE307159E676F003C281F /* QuartzCore.framework */ = {isa = PBXFileReference; lastKnownFileType = wrapper.framework; name = QuartzCore.framework; path = System/Library/Frameworks/QuartzCore.framework; sourceTree = SDKROOT; };
		BBAEE31F159E6B23003C281F /* GPUImageViewController.h */ = {isa = PBXFileReference; fileEncoding = 4; lastKnownFileType = sourcecode.c.h; path = GPUImageViewController.h; sourceTree = "<group>"; };
		BBAEE320159E6B23003C281F /* GPUImageViewController.m */ = {isa = PBXFileReference; fileEncoding = 4; lastKnownFileType = sourcecode.c.objc; path = GPUImageViewController.m; sourceTree = "<group>"; };
		BBAEE322159E6CD1003C281F /* porsche.jpg */ = {isa = PBXFileReference; lastKnownFileType = image.jpeg; path = porsche.jpg; sourceTree = "<group>"; };
		BBC4005F159E63E60004316D /* GPU_Image_Test.app */ = {isa = PBXFileReference; explicitFileType = wrapper.application; includeInIndex = 0; path = GPU_Image_Test.app; sourceTree = BUILT_PRODUCTS_DIR; };
		BBC40063159E63E60004316D /* UIKit.framework */ = {isa = PBXFileReference; lastKnownFileType = wrapper.framework; name = UIKit.framework; path = System/Library/Frameworks/UIKit.framework; sourceTree = SDKROOT; };
		BBC40065159E63E60004316D /* Foundation.framework */ = {isa = PBXFileReference; lastKnownFileType = wrapper.framework; name = Foundation.framework; path = System/Library/Frameworks/Foundation.framework; sourceTree = SDKROOT; };
		BBC40067159E63E60004316D /* CoreGraphics.framework */ = {isa = PBXFileReference; lastKnownFileType = wrapper.framework; name = CoreGraphics.framework; path = System/Library/Frameworks/CoreGraphics.framework; sourceTree = SDKROOT; };
		BBC4006B159E63E60004316D /* GPU_Image_Test-Info.plist */ = {isa = PBXFileReference; lastKnownFileType = text.plist.xml; path = "GPU_Image_Test-Info.plist"; sourceTree = "<group>"; };
		BBC4006D159E63E60004316D /* en */ = {isa = PBXFileReference; lastKnownFileType = text.plist.strings; name = en; path = en.lproj/InfoPlist.strings; sourceTree = "<group>"; };
		BBC4006F159E63E60004316D /* main.m */ = {isa = PBXFileReference; lastKnownFileType = sourcecode.c.objc; path = main.m; sourceTree = "<group>"; };
		BBC40071159E63E60004316D /* GPU_Image_Test-Prefix.pch */ = {isa = PBXFileReference; lastKnownFileType = sourcecode.c.h; path = "GPU_Image_Test-Prefix.pch"; sourceTree = "<group>"; };
		BBC40072159E63E60004316D /* CFMAppDelegate.h */ = {isa = PBXFileReference; lastKnownFileType = sourcecode.c.h; path = CFMAppDelegate.h; sourceTree = "<group>"; };
		BBC40073159E63E60004316D /* CFMAppDelegate.m */ = {isa = PBXFileReference; lastKnownFileType = sourcecode.c.objc; path = CFMAppDelegate.m; sourceTree = "<group>"; };
		BBC4007A159E63E70004316D /* GPU_Image_TestTests.octest */ = {isa = PBXFileReference; explicitFileType = wrapper.cfbundle; includeInIndex = 0; path = GPU_Image_TestTests.octest; sourceTree = BUILT_PRODUCTS_DIR; };
		BBC4007B159E63E70004316D /* SenTestingKit.framework */ = {isa = PBXFileReference; lastKnownFileType = wrapper.framework; name = SenTestingKit.framework; path = Library/Frameworks/SenTestingKit.framework; sourceTree = DEVELOPER_DIR; };
		BBC40083159E63E70004316D /* GPU_Image_TestTests-Info.plist */ = {isa = PBXFileReference; lastKnownFileType = text.plist.xml; path = "GPU_Image_TestTests-Info.plist"; sourceTree = "<group>"; };
		BBC40085159E63E70004316D /* en */ = {isa = PBXFileReference; lastKnownFileType = text.plist.strings; name = en; path = en.lproj/InfoPlist.strings; sourceTree = "<group>"; };
		BBC40087159E63E70004316D /* GPU_Image_TestTests.h */ = {isa = PBXFileReference; lastKnownFileType = sourcecode.c.h; path = GPU_Image_TestTests.h; sourceTree = "<group>"; };
		BBC40088159E63E70004316D /* GPU_Image_TestTests.m */ = {isa = PBXFileReference; lastKnownFileType = sourcecode.c.objc; path = GPU_Image_TestTests.m; sourceTree = "<group>"; };
/* End PBXFileReference section */

/* Begin PBXFrameworksBuildPhase section */
		BBC4005C159E63E60004316D /* Frameworks */ = {
			isa = PBXFrameworksBuildPhase;
			buildActionMask = 2147483647;
			files = (
				A1588B6015A1CDF8007D255D /* CoreImage.framework in Frameworks */,
				BBAEE308159E676F003C281F /* QuartzCore.framework in Frameworks */,
				BBAEE306159E6767003C281F /* AVFoundation.framework in Frameworks */,
				BBAEE304159E675F003C281F /* OpenGLES.framework in Frameworks */,
				BBAEE302159E6756003C281F /* CoreVideo.framework in Frameworks */,
				BBAEE300159E6747003C281F /* CoreMedia.framework in Frameworks */,
				BBAEE30B159E6871003C281F /* libGPUImage.a in Frameworks */,
				BBC40064159E63E60004316D /* UIKit.framework in Frameworks */,
				BBC40066159E63E60004316D /* Foundation.framework in Frameworks */,
				BBC40068159E63E60004316D /* CoreGraphics.framework in Frameworks */,
			);
			runOnlyForDeploymentPostprocessing = 0;
		};
		BBC40076159E63E70004316D /* Frameworks */ = {
			isa = PBXFrameworksBuildPhase;
			buildActionMask = 2147483647;
			files = (
				BBC4007C159E63E70004316D /* SenTestingKit.framework in Frameworks */,
				BBC4007D159E63E70004316D /* UIKit.framework in Frameworks */,
				BBC4007E159E63E70004316D /* Foundation.framework in Frameworks */,
			);
			runOnlyForDeploymentPostprocessing = 0;
		};
/* End PBXFrameworksBuildPhase section */

/* Begin PBXGroup section */
		A147086115A1C54F005D8819 /* Products */ = {
			isa = PBXGroup;
			children = (
				A147086A15A1C54F005D8819 /* libGPUImage.a */,
				A147086C15A1C54F005D8819 /* GPUImageTests.octest */,
			);
			name = Products;
			sourceTree = "<group>";
		};
		BBAEE2F3159E6730003C281F /* Products */ = {
			isa = PBXGroup;
			children = (
				BBAEE2FC159E6730003C281F /* libGPUImage.a */,
				BBAEE2FE159E6730003C281F /* GPUImageTests.octest */,
			);
			name = Products;
			sourceTree = "<group>";
		};
		BBC40054159E63E60004316D = {
			isa = PBXGroup;
			children = (
				A1588B5F15A1CDF8007D255D /* CoreImage.framework */,
				BBAEE307159E676F003C281F /* QuartzCore.framework */,
				BBAEE305159E6767003C281F /* AVFoundation.framework */,
				BBAEE303159E675F003C281F /* OpenGLES.framework */,
				BBAEE301159E6756003C281F /* CoreVideo.framework */,
				BBAEE2FF159E6747003C281F /* CoreMedia.framework */,
				BBC40069159E63E60004316D /* GPU_Image_Test */,
				BBC40081159E63E70004316D /* GPU_Image_TestTests */,
				BBC40062159E63E60004316D /* Frameworks */,
				BBC40060159E63E60004316D /* Products */,
				BBAEE2F2159E6730003C281F /* GPUImage.xcodeproj */,
				A147086015A1C54F005D8819 /* GPUImage.xcodeproj */,
			);
			sourceTree = "<group>";
		};
		BBC40060159E63E60004316D /* Products */ = {
			isa = PBXGroup;
			children = (
				BBC4005F159E63E60004316D /* GPU_Image_Test.app */,
				BBC4007A159E63E70004316D /* GPU_Image_TestTests.octest */,
			);
			name = Products;
			sourceTree = "<group>";
		};
		BBC40062159E63E60004316D /* Frameworks */ = {
			isa = PBXGroup;
			children = (
				BBC40063159E63E60004316D /* UIKit.framework */,
				BBC40065159E63E60004316D /* Foundation.framework */,
				BBC40067159E63E60004316D /* CoreGraphics.framework */,
				BBC4007B159E63E70004316D /* SenTestingKit.framework */,
			);
			name = Frameworks;
			sourceTree = "<group>";
		};
		BBC40069159E63E60004316D /* GPU_Image_Test */ = {
			isa = PBXGroup;
			children = (
				BBC40072159E63E60004316D /* CFMAppDelegate.h */,
				BBC40073159E63E60004316D /* CFMAppDelegate.m */,
				BBC4006A159E63E60004316D /* Supporting Files */,
				BBAEE2EC159E6634003C281F /* SampleView.h */,
				BBAEE2ED159E6634003C281F /* SampleView.m */,
				BBAEE31F159E6B23003C281F /* GPUImageViewController.h */,
				BBAEE320159E6B23003C281F /* GPUImageViewController.m */,
				BBAEE322159E6CD1003C281F /* porsche.jpg */,
				A147086E15A1C7C8005D8819 /* Storyboard.storyboard */,
			);
			path = GPU_Image_Test;
			sourceTree = "<group>";
		};
		BBC4006A159E63E60004316D /* Supporting Files */ = {
			isa = PBXGroup;
			children = (
				BBC4006B159E63E60004316D /* GPU_Image_Test-Info.plist */,
				BBC4006C159E63E60004316D /* InfoPlist.strings */,
				BBC4006F159E63E60004316D /* main.m */,
				BBC40071159E63E60004316D /* GPU_Image_Test-Prefix.pch */,
			);
			name = "Supporting Files";
			sourceTree = "<group>";
		};
		BBC40081159E63E70004316D /* GPU_Image_TestTests */ = {
			isa = PBXGroup;
			children = (
				BBC40087159E63E70004316D /* GPU_Image_TestTests.h */,
				BBC40088159E63E70004316D /* GPU_Image_TestTests.m */,
				BBC40082159E63E70004316D /* Supporting Files */,
			);
			path = GPU_Image_TestTests;
			sourceTree = "<group>";
		};
		BBC40082159E63E70004316D /* Supporting Files */ = {
			isa = PBXGroup;
			children = (
				BBC40083159E63E70004316D /* GPU_Image_TestTests-Info.plist */,
				BBC40084159E63E70004316D /* InfoPlist.strings */,
			);
			name = "Supporting Files";
			sourceTree = "<group>";
		};
/* End PBXGroup section */

/* Begin PBXNativeTarget section */
		BBC4005E159E63E60004316D /* GPU_Image_Test */ = {
			isa = PBXNativeTarget;
			buildConfigurationList = BBC4008C159E63E70004316D /* Build configuration list for PBXNativeTarget "GPU_Image_Test" */;
			buildPhases = (
				BBC4005B159E63E60004316D /* Sources */,
				BBC4005C159E63E60004316D /* Frameworks */,
				BBC4005D159E63E60004316D /* Resources */,
			);
			buildRules = (
			);
			dependencies = (
				BBAEE30A159E6858003C281F /* PBXTargetDependency */,
			);
			name = GPU_Image_Test;
			productName = GPU_Image_Test;
			productReference = BBC4005F159E63E60004316D /* GPU_Image_Test.app */;
			productType = "com.apple.product-type.application";
		};
		BBC40079159E63E70004316D /* GPU_Image_TestTests */ = {
			isa = PBXNativeTarget;
			buildConfigurationList = BBC4008F159E63E70004316D /* Build configuration list for PBXNativeTarget "GPU_Image_TestTests" */;
			buildPhases = (
				BBC40075159E63E70004316D /* Sources */,
				BBC40076159E63E70004316D /* Frameworks */,
				BBC40077159E63E70004316D /* Resources */,
				BBC40078159E63E70004316D /* ShellScript */,
			);
			buildRules = (
			);
			dependencies = (
				BBC40080159E63E70004316D /* PBXTargetDependency */,
			);
			name = GPU_Image_TestTests;
			productName = GPU_Image_TestTests;
			productReference = BBC4007A159E63E70004316D /* GPU_Image_TestTests.octest */;
			productType = "com.apple.product-type.bundle";
		};
/* End PBXNativeTarget section */

/* Begin PBXProject section */
		BBC40056159E63E60004316D /* Project object */ = {
			isa = PBXProject;
			attributes = {
				CLASSPREFIX = CFM;
				LastUpgradeCheck = 0430;
			};
			buildConfigurationList = BBC40059159E63E60004316D /* Build configuration list for PBXProject "GPU_Image_Test" */;
			compatibilityVersion = "Xcode 3.2";
			developmentRegion = English;
			hasScannedForEncodings = 0;
			knownRegions = (
				en,
			);
			mainGroup = BBC40054159E63E60004316D;
			productRefGroup = BBC40060159E63E60004316D /* Products */;
			projectDirPath = "";
			projectReferences = (
				{
					ProductGroup = A147086115A1C54F005D8819 /* Products */;
					ProjectRef = A147086015A1C54F005D8819 /* GPUImage.xcodeproj */;
				},
				{
					ProductGroup = BBAEE2F3159E6730003C281F /* Products */;
					ProjectRef = BBAEE2F2159E6730003C281F /* GPUImage.xcodeproj */;
				},
			);
			projectRoot = "";
			targets = (
				BBC4005E159E63E60004316D /* GPU_Image_Test */,
				BBC40079159E63E70004316D /* GPU_Image_TestTests */,
			);
		};
/* End PBXProject section */

/* Begin PBXReferenceProxy section */
		A147086A15A1C54F005D8819 /* libGPUImage.a */ = {
			isa = PBXReferenceProxy;
			fileType = archive.ar;
			path = libGPUImage.a;
			remoteRef = A147086915A1C54F005D8819 /* PBXContainerItemProxy */;
			sourceTree = BUILT_PRODUCTS_DIR;
		};
		A147086C15A1C54F005D8819 /* GPUImageTests.octest */ = {
			isa = PBXReferenceProxy;
			fileType = wrapper.cfbundle;
			path = GPUImageTests.octest;
			remoteRef = A147086B15A1C54F005D8819 /* PBXContainerItemProxy */;
			sourceTree = BUILT_PRODUCTS_DIR;
		};
		BBAEE2FC159E6730003C281F /* libGPUImage.a */ = {
			isa = PBXReferenceProxy;
			fileType = archive.ar;
			path = libGPUImage.a;
			remoteRef = BBAEE2FB159E6730003C281F /* PBXContainerItemProxy */;
			sourceTree = BUILT_PRODUCTS_DIR;
		};
		BBAEE2FE159E6730003C281F /* GPUImageTests.octest */ = {
			isa = PBXReferenceProxy;
			fileType = wrapper.cfbundle;
			path = GPUImageTests.octest;
			remoteRef = BBAEE2FD159E6730003C281F /* PBXContainerItemProxy */;
			sourceTree = BUILT_PRODUCTS_DIR;
		};
/* End PBXReferenceProxy section */

/* Begin PBXResourcesBuildPhase section */
		BBC4005D159E63E60004316D /* Resources */ = {
			isa = PBXResourcesBuildPhase;
			buildActionMask = 2147483647;
			files = (
				BBC4006E159E63E60004316D /* InfoPlist.strings in Resources */,
				BBAEE323159E6CD1003C281F /* porsche.jpg in Resources */,
				A147086F15A1C7C8005D8819 /* Storyboard.storyboard in Resources */,
			);
			runOnlyForDeploymentPostprocessing = 0;
		};
		BBC40077159E63E70004316D /* Resources */ = {
			isa = PBXResourcesBuildPhase;
			buildActionMask = 2147483647;
			files = (
				BBC40086159E63E70004316D /* InfoPlist.strings in Resources */,
			);
			runOnlyForDeploymentPostprocessing = 0;
		};
/* End PBXResourcesBuildPhase section */

/* Begin PBXShellScriptBuildPhase section */
		BBC40078159E63E70004316D /* ShellScript */ = {
			isa = PBXShellScriptBuildPhase;
			buildActionMask = 2147483647;
			files = (
			);
			inputPaths = (
			);
			outputPaths = (
			);
			runOnlyForDeploymentPostprocessing = 0;
			shellPath = /bin/sh;
			shellScript = "# Run the unit tests in this test bundle.\n\"${SYSTEM_DEVELOPER_DIR}/Tools/RunUnitTests\"\n";
		};
/* End PBXShellScriptBuildPhase section */

/* Begin PBXSourcesBuildPhase section */
		BBC4005B159E63E60004316D /* Sources */ = {
			isa = PBXSourcesBuildPhase;
			buildActionMask = 2147483647;
			files = (
				BBC40070159E63E60004316D /* main.m in Sources */,
				BBC40074159E63E60004316D /* CFMAppDelegate.m in Sources */,
				BBAEE2EE159E6634003C281F /* SampleView.m in Sources */,
				BBAEE321159E6B23003C281F /* GPUImageViewController.m in Sources */,
			);
			runOnlyForDeploymentPostprocessing = 0;
		};
		BBC40075159E63E70004316D /* Sources */ = {
			isa = PBXSourcesBuildPhase;
			buildActionMask = 2147483647;
			files = (
				BBC40089159E63E70004316D /* GPU_Image_TestTests.m in Sources */,
			);
			runOnlyForDeploymentPostprocessing = 0;
		};
/* End PBXSourcesBuildPhase section */

/* Begin PBXTargetDependency section */
		BBAEE30A159E6858003C281F /* PBXTargetDependency */ = {
			isa = PBXTargetDependency;
			name = GPUImage;
			targetProxy = BBAEE309159E6858003C281F /* PBXContainerItemProxy */;
		};
		BBC40080159E63E70004316D /* PBXTargetDependency */ = {
			isa = PBXTargetDependency;
			target = BBC4005E159E63E60004316D /* GPU_Image_Test */;
			targetProxy = BBC4007F159E63E70004316D /* PBXContainerItemProxy */;
		};
/* End PBXTargetDependency section */

/* Begin PBXVariantGroup section */
		BBC4006C159E63E60004316D /* InfoPlist.strings */ = {
			isa = PBXVariantGroup;
			children = (
				BBC4006D159E63E60004316D /* en */,
			);
			name = InfoPlist.strings;
			sourceTree = "<group>";
		};
		BBC40084159E63E70004316D /* InfoPlist.strings */ = {
			isa = PBXVariantGroup;
			children = (
				BBC40085159E63E70004316D /* en */,
			);
			name = InfoPlist.strings;
			sourceTree = "<group>";
		};
/* End PBXVariantGroup section */

/* Begin XCBuildConfiguration section */
		BBC4008A159E63E70004316D /* Debug */ = {
			isa = XCBuildConfiguration;
			buildSettings = {
				ALWAYS_SEARCH_USER_PATHS = NO;
				ARCHS = "$(ARCHS_STANDARD_32_BIT)";
				CLANG_ENABLE_OBJC_ARC = YES;
				"CODE_SIGN_IDENTITY[sdk=iphoneos*]" = "iPhone Developer";
				COPY_PHASE_STRIP = NO;
				GCC_C_LANGUAGE_STANDARD = gnu99;
				GCC_DYNAMIC_NO_PIC = NO;
				GCC_OPTIMIZATION_LEVEL = 0;
				GCC_PREPROCESSOR_DEFINITIONS = (
					"DEBUG=1",
					"$(inherited)",
				);
				GCC_SYMBOLS_PRIVATE_EXTERN = NO;
				GCC_VERSION = com.apple.compilers.llvm.clang.1_0;
				GCC_WARN_ABOUT_RETURN_TYPE = YES;
				GCC_WARN_UNINITIALIZED_AUTOS = YES;
				GCC_WARN_UNUSED_VARIABLE = YES;
				IPHONEOS_DEPLOYMENT_TARGET = 5.1;
				SDKROOT = iphoneos;
				TARGETED_DEVICE_FAMILY = "1,2";
			};
			name = Debug;
		};
		BBC4008B159E63E70004316D /* Release */ = {
			isa = XCBuildConfiguration;
			buildSettings = {
				ALWAYS_SEARCH_USER_PATHS = NO;
				ARCHS = "$(ARCHS_STANDARD_32_BIT)";
				CLANG_ENABLE_OBJC_ARC = YES;
				"CODE_SIGN_IDENTITY[sdk=iphoneos*]" = "iPhone Developer";
				COPY_PHASE_STRIP = YES;
				GCC_C_LANGUAGE_STANDARD = gnu99;
				GCC_VERSION = com.apple.compilers.llvm.clang.1_0;
				GCC_WARN_ABOUT_RETURN_TYPE = YES;
				GCC_WARN_UNINITIALIZED_AUTOS = YES;
				GCC_WARN_UNUSED_VARIABLE = YES;
				IPHONEOS_DEPLOYMENT_TARGET = 5.1;
				OTHER_CFLAGS = "-DNS_BLOCK_ASSERTIONS=1";
				SDKROOT = iphoneos;
				TARGETED_DEVICE_FAMILY = "1,2";
				VALIDATE_PRODUCT = YES;
			};
			name = Release;
		};
		BBC4008D159E63E70004316D /* Debug */ = {
			isa = XCBuildConfiguration;
			buildSettings = {
				ALWAYS_SEARCH_USER_PATHS = YES;
				GCC_PRECOMPILE_PREFIX_HEADER = YES;
				GCC_PREFIX_HEADER = "GPU_Image_Test/GPU_Image_Test-Prefix.pch";
				HEADER_SEARCH_PATHS = "/Users/colinmcdonald/Desktop/GPU_Image/BradLarson-GPUImage-7fd9996/framework/Source/**";
				INFOPLIST_FILE = "GPU_Image_Test/GPU_Image_Test-Info.plist";
				LIBRARY_SEARCH_PATHS = (
					"$(inherited)",
					"\"$(SRCROOT)/..\"",
				);
				PRODUCT_NAME = "$(TARGET_NAME)";
				WRAPPER_EXTENSION = app;
			};
			name = Debug;
		};
		BBC4008E159E63E70004316D /* Release */ = {
			isa = XCBuildConfiguration;
			buildSettings = {
				ALWAYS_SEARCH_USER_PATHS = YES;
				GCC_PRECOMPILE_PREFIX_HEADER = YES;
				GCC_PREFIX_HEADER = "GPU_Image_Test/GPU_Image_Test-Prefix.pch";
				HEADER_SEARCH_PATHS = "/Users/colinmcdonald/Desktop/GPU_Image/BradLarson-GPUImage-7fd9996/framework/Source/**";
				INFOPLIST_FILE = "GPU_Image_Test/GPU_Image_Test-Info.plist";
				LIBRARY_SEARCH_PATHS = (
					"$(inherited)",
					"\"$(SRCROOT)/..\"",
				);
				PRODUCT_NAME = "$(TARGET_NAME)";
				WRAPPER_EXTENSION = app;
			};
			name = Release;
		};
		BBC40090159E63E70004316D /* Debug */ = {
			isa = XCBuildConfiguration;
			buildSettings = {
				BUNDLE_LOADER = "$(BUILT_PRODUCTS_DIR)/GPU_Image_Test.app/GPU_Image_Test";
				FRAMEWORK_SEARCH_PATHS = (
					"$(SDKROOT)/Developer/Library/Frameworks",
					"$(DEVELOPER_LIBRARY_DIR)/Frameworks",
				);
				GCC_PRECOMPILE_PREFIX_HEADER = YES;
				GCC_PREFIX_HEADER = "GPU_Image_Test/GPU_Image_Test-Prefix.pch";
				INFOPLIST_FILE = "GPU_Image_TestTests/GPU_Image_TestTests-Info.plist";
				PRODUCT_NAME = "$(TARGET_NAME)";
				TEST_HOST = "$(BUNDLE_LOADER)";
				WRAPPER_EXTENSION = octest;
			};
			name = Debug;
		};
		BBC40091159E63E70004316D /* Release */ = {
			isa = XCBuildConfiguration;
			buildSettings = {
				BUNDLE_LOADER = "$(BUILT_PRODUCTS_DIR)/GPU_Image_Test.app/GPU_Image_Test";
				FRAMEWORK_SEARCH_PATHS = (
					"$(SDKROOT)/Developer/Library/Frameworks",
					"$(DEVELOPER_LIBRARY_DIR)/Frameworks",
				);
				GCC_PRECOMPILE_PREFIX_HEADER = YES;
				GCC_PREFIX_HEADER = "GPU_Image_Test/GPU_Image_Test-Prefix.pch";
				INFOPLIST_FILE = "GPU_Image_TestTests/GPU_Image_TestTests-Info.plist";
				PRODUCT_NAME = "$(TARGET_NAME)";
				TEST_HOST = "$(BUNDLE_LOADER)";
				WRAPPER_EXTENSION = octest;
			};
			name = Release;
		};
/* End XCBuildConfiguration section */

/* Begin XCConfigurationList section */
		BBC40059159E63E60004316D /* Build configuration list for PBXProject "GPU_Image_Test" */ = {
			isa = XCConfigurationList;
			buildConfigurations = (
				BBC4008A159E63E70004316D /* Debug */,
				BBC4008B159E63E70004316D /* Release */,
			);
			defaultConfigurationIsVisible = 0;
			defaultConfigurationName = Release;
		};
		BBC4008C159E63E70004316D /* Build configuration list for PBXNativeTarget "GPU_Image_Test" */ = {
			isa = XCConfigurationList;
			buildConfigurations = (
				BBC4008D159E63E70004316D /* Debug */,
				BBC4008E159E63E70004316D /* Release */,
			);
			defaultConfigurationIsVisible = 0;
			defaultConfigurationName = Release;
		};
		BBC4008F159E63E70004316D /* Build configuration list for PBXNativeTarget "GPU_Image_TestTests" */ = {
			isa = XCConfigurationList;
			buildConfigurations = (
				BBC40090159E63E70004316D /* Debug */,
				BBC40091159E63E70004316D /* Release */,
			);
			defaultConfigurationIsVisible = 0;
			defaultConfigurationName = Release;
		};
/* End XCConfigurationList section */
	};
	rootObject = BBC40056159E63E60004316D /* Project object */;
}
